
Microsoft Visual Studio Solution File, Format Version 12.00
# Visual Studio Version 17
VisualStudioVersion = 17.12.35527.113
MinimumVisualStudioVersion = 10.0.40219.1
Project("{2150E333-8FDC-42A3-9474-1A3956D46DE8}") = "Core", "Core", "{53DAF5FE-20EE-4495-80BB-F938E967B556}"
EndProject
Project("{2150E333-8FDC-42A3-9474-1A3956D46DE8}") = "Infrastructure", "Infrastructure", "{8F744A94-5E67-4F46-8897-9FA02F568D6D}"
EndProject
Project("{2150E333-8FDC-42A3-9474-1A3956D46DE8}") = "Presentation", "Presentation", "{9E6F09C1-5817-43F2-B3B2-40356E72F9A0}"
EndProject
Project("{FAE04EC0-301F-11D3-BF4B-00C04F79EFBC}") = "EruMobil.Application", "Core\EruMobil.Application\EruMobil.Application.csproj", "{F9D3FB42-BCC3-405D-A1E1-BB7DFEF11BB5}"
EndProject
Project("{FAE04EC0-301F-11D3-BF4B-00C04F79EFBC}") = "EruMobil.Domain", "Core\EruMobil.Domain\EruMobil.Domain.csproj", "{B7D5BF83-87BD-4E72-BB8E-7F5468F427A2}"
EndProject
Project("{FAE04EC0-301F-11D3-BF4B-00C04F79EFBC}") = "EruMobil.Infrastructure", "Infrastructure\EruMobil.Infrastructure\EruMobil.Infrastructure.csproj", "{057F426E-ECA3-4618-AE8C-E5BA2C239E7E}"
EndProject
Project("{FAE04EC0-301F-11D3-BF4B-00C04F79EFBC}") = "EruMobil.Persistence", "Infrastructure\EruMobil.Persistence\EruMobil.Persistence.csproj", "{FEB094F1-ED14-48F0-B32B-0D1866AAF716}"
EndProject
Project("{FAE04EC0-301F-11D3-BF4B-00C04F79EFBC}") = "EruMobil.API", "Presentation\EruMobil.API\EruMobil.API.csproj", "{81C4FCB1-C99A-48DD-A386-9497CD5AB046}"
EndProject
Project("{FAE04EC0-301F-11D3-BF4B-00C04F79EFBC}") = "EruMobil.Mapper", "EruMobil.Mapper\EruMobil.Mapper.csproj", "{C65E0E94-3AD8-41FF-848F-D0B973563E1C}"
EndProject
Global
	GlobalSection(SolutionConfigurationPlatforms) = preSolution
		Debug|Any CPU = Debug|Any CPU
		Release|Any CPU = Release|Any CPU
	EndGlobalSection
	GlobalSection(ProjectConfigurationPlatforms) = postSolution
		{F9D3FB42-BCC3-405D-A1E1-BB7DFEF11BB5}.Debug|Any CPU.ActiveCfg = Debug|Any CPU
		{F9D3FB42-BCC3-405D-A1E1-BB7DFEF11BB5}.Debug|Any CPU.Build.0 = Debug|Any CPU
		{F9D3FB42-BCC3-405D-A1E1-BB7DFEF11BB5}.Release|Any CPU.ActiveCfg = Release|Any CPU
		{F9D3FB42-BCC3-405D-A1E1-BB7DFEF11BB5}.Release|Any CPU.Build.0 = Release|Any CPU
		{B7D5BF83-87BD-4E72-BB8E-7F5468F427A2}.Debug|Any CPU.ActiveCfg = Debug|Any CPU
		{B7D5BF83-87BD-4E72-BB8E-7F5468F427A2}.Debug|Any CPU.Build.0 = Debug|Any CPU
		{B7D5BF83-87BD-4E72-BB8E-7F5468F427A2}.Release|Any CPU.ActiveCfg = Release|Any CPU
		{B7D5BF83-87BD-4E72-BB8E-7F5468F427A2}.Release|Any CPU.Build.0 = Release|Any CPU
		{057F426E-ECA3-4618-AE8C-E5BA2C239E7E}.Debug|Any CPU.ActiveCfg = Debug|Any CPU
		{057F426E-ECA3-4618-AE8C-E5BA2C239E7E}.Debug|Any CPU.Build.0 = Debug|Any CPU
		{057F426E-ECA3-4618-AE8C-E5BA2C239E7E}.Release|Any CPU.ActiveCfg = Release|Any CPU
		{057F426E-ECA3-4618-AE8C-E5BA2C239E7E}.Release|Any CPU.Build.0 = Release|Any CPU
		{FEB094F1-ED14-48F0-B32B-0D1866AAF716}.Debug|Any CPU.ActiveCfg = Debug|Any CPU
		{FEB094F1-ED14-48F0-B32B-0D1866AAF716}.Debug|Any CPU.Build.0 = Debug|Any CPU
		{FEB094F1-ED14-48F0-B32B-0D1866AAF716}.Release|Any CPU.ActiveCfg = Release|Any CPU
		{FEB094F1-ED14-48F0-B32B-0D1866AAF716}.Release|Any CPU.Build.0 = Release|Any CPU
		{81C4FCB1-C99A-48DD-A386-9497CD5AB046}.Debug|Any CPU.ActiveCfg = Debug|Any CPU
		{81C4FCB1-C99A-48DD-A386-9497CD5AB046}.Debug|Any CPU.Build.0 = Debug|Any CPU
		{81C4FCB1-C99A-48DD-A386-9497CD5AB046}.Release|Any CPU.ActiveCfg = Release|Any CPU
		{81C4FCB1-C99A-48DD-A386-9497CD5AB046}.Release|Any CPU.Build.0 = Release|Any CPU
		{C65E0E94-3AD8-41FF-848F-D0B973563E1C}.Debug|Any CPU.ActiveCfg = Debug|Any CPU
		{C65E0E94-3AD8-41FF-848F-D0B973563E1C}.Debug|Any CPU.Build.0 = Debug|Any CPU
		{C65E0E94-3AD8-41FF-848F-D0B973563E1C}.Release|Any CPU.ActiveCfg = Release|Any CPU
		{C65E0E94-3AD8-41FF-848F-D0B973563E1C}.Release|Any CPU.Build.0 = Release|Any CPU
	EndGlobalSection
	GlobalSection(SolutionProperties) = preSolution
		HideSolutionNode = FALSE
	EndGlobalSection
	GlobalSection(NestedProjects) = preSolution
		{F9D3FB42-BCC3-405D-A1E1-BB7DFEF11BB5} = {53DAF5FE-20EE-4495-80BB-F938E967B556}
		{B7D5BF83-87BD-4E72-BB8E-7F5468F427A2} = {53DAF5FE-20EE-4495-80BB-F938E967B556}
		{057F426E-ECA3-4618-AE8C-E5BA2C239E7E} = {8F744A94-5E67-4F46-8897-9FA02F568D6D}
		{FEB094F1-ED14-48F0-B32B-0D1866AAF716} = {8F744A94-5E67-4F46-8897-9FA02F568D6D}
		{81C4FCB1-C99A-48DD-A386-9497CD5AB046} = {9E6F09C1-5817-43F2-B3B2-40356E72F9A0}
		{C65E0E94-3AD8-41FF-848F-D0B973563E1C} = {53DAF5FE-20EE-4495-80BB-F938E967B556}
	EndGlobalSection
EndGlobal
