
Microsoft Visual Studio Solution File, Format Version 12.00
# Visual Studio Version 17
VisualStudioVersion = 17.12.35527.113 d17.12
MinimumVisualStudioVersion = 10.0.40219.1
Project("{2150E333-8FDC-42A3-9474-1A3956D46DE8}") = "Core", "Core", "{53DAF5FE-20EE-4495-80BB-F938E967B556}"
EndProject
Project("{2150E333-8FDC-42A3-9474-1A3956D46DE8}") = "Infrastructure", "Infrastructure", "{8F744A94-5E67-4F46-8897-9FA02F568D6D}"
EndProject
Project("{2150E333-8FDC-42A3-9474-1A3956D46DE8}") = "Presentation", "Presentation", "{9E6F09C1-5817-43F2-B3B2-40356E72F9A0}"
EndProject
Project("{FAE04EC0-301F-11D3-BF4B-00C04F79EFBC}") = "EruMobil.Domain", "EruMobil.Domain\EruMobil.Domain.csproj", "{5DAB6DCA-3916-43EF-9BCF-0079685CD55F}"
EndProject
Project("{FAE04EC0-301F-11D3-BF4B-00C04F79EFBC}") = "EruMobil.Application", "EruMobil.Application\EruMobil.Application.csproj", "{74C89164-7124-4EBC-A68A-0F2E50887A1C}"
EndProject
Project("{FAE04EC0-301F-11D3-BF4B-00C04F79EFBC}") = "EruMobil.Infrastructure", "EruMobil.Infrastructure\EruMobil.Infrastructure.csproj", "{561A20F3-F881-4A6F-8B59-3AFC411B5F33}"
EndProject
Project("{FAE04EC0-301F-11D3-BF4B-00C04F79EFBC}") = "EruMobil.Persistence", "EruMobil.Persistence\EruMobil.Persistence.csproj", "{F81D76EF-0FE8-4F17-B54B-9E104D1E20E6}"
EndProject
Project("{FAE04EC0-301F-11D3-BF4B-00C04F79EFBC}") = "EruMobil.API", "EruMobil.API\EruMobil.API.csproj", "{2FF1808A-E4E7-47BA-93E6-392FE256A555}"
EndProject
Global
	GlobalSection(SolutionConfigurationPlatforms) = preSolution
		Debug|Any CPU = Debug|Any CPU
		Release|Any CPU = Release|Any CPU
	EndGlobalSection
	GlobalSection(ProjectConfigurationPlatforms) = postSolution
		{5DAB6DCA-3916-43EF-9BCF-0079685CD55F}.Debug|Any CPU.ActiveCfg = Debug|Any CPU
		{5DAB6DCA-3916-43EF-9BCF-0079685CD55F}.Debug|Any CPU.Build.0 = Debug|Any CPU
		{5DAB6DCA-3916-43EF-9BCF-0079685CD55F}.Release|Any CPU.ActiveCfg = Release|Any CPU
		{5DAB6DCA-3916-43EF-9BCF-0079685CD55F}.Release|Any CPU.Build.0 = Release|Any CPU
		{74C89164-7124-4EBC-A68A-0F2E50887A1C}.Debug|Any CPU.ActiveCfg = Debug|Any CPU
		{74C89164-7124-4EBC-A68A-0F2E50887A1C}.Debug|Any CPU.Build.0 = Debug|Any CPU
		{74C89164-7124-4EBC-A68A-0F2E50887A1C}.Release|Any CPU.ActiveCfg = Release|Any CPU
		{74C89164-7124-4EBC-A68A-0F2E50887A1C}.Release|Any CPU.Build.0 = Release|Any CPU
		{561A20F3-F881-4A6F-8B59-3AFC411B5F33}.Debug|Any CPU.ActiveCfg = Debug|Any CPU
		{561A20F3-F881-4A6F-8B59-3AFC411B5F33}.Debug|Any CPU.Build.0 = Debug|Any CPU
		{561A20F3-F881-4A6F-8B59-3AFC411B5F33}.Release|Any CPU.ActiveCfg = Release|Any CPU
		{561A20F3-F881-4A6F-8B59-3AFC411B5F33}.Release|Any CPU.Build.0 = Release|Any CPU
		{F81D76EF-0FE8-4F17-B54B-9E104D1E20E6}.Debug|Any CPU.ActiveCfg = Debug|Any CPU
		{F81D76EF-0FE8-4F17-B54B-9E104D1E20E6}.Debug|Any CPU.Build.0 = Debug|Any CPU
		{F81D76EF-0FE8-4F17-B54B-9E104D1E20E6}.Release|Any CPU.ActiveCfg = Release|Any CPU
		{F81D76EF-0FE8-4F17-B54B-9E104D1E20E6}.Release|Any CPU.Build.0 = Release|Any CPU
		{2FF1808A-E4E7-47BA-93E6-392FE256A555}.Debug|Any CPU.ActiveCfg = Debug|Any CPU
		{2FF1808A-E4E7-47BA-93E6-392FE256A555}.Debug|Any CPU.Build.0 = Debug|Any CPU
		{2FF1808A-E4E7-47BA-93E6-392FE256A555}.Release|Any CPU.ActiveCfg = Release|Any CPU
		{2FF1808A-E4E7-47BA-93E6-392FE256A555}.Release|Any CPU.Build.0 = Release|Any CPU
	EndGlobalSection
	GlobalSection(SolutionProperties) = preSolution
		HideSolutionNode = FALSE
	EndGlobalSection
	GlobalSection(NestedProjects) = preSolution
		{5DAB6DCA-3916-43EF-9BCF-0079685CD55F} = {53DAF5FE-20EE-4495-80BB-F938E967B556}
		{74C89164-7124-4EBC-A68A-0F2E50887A1C} = {53DAF5FE-20EE-4495-80BB-F938E967B556}
		{561A20F3-F881-4A6F-8B59-3AFC411B5F33} = {8F744A94-5E67-4F46-8897-9FA02F568D6D}
		{F81D76EF-0FE8-4F17-B54B-9E104D1E20E6} = {8F744A94-5E67-4F46-8897-9FA02F568D6D}
		{2FF1808A-E4E7-47BA-93E6-392FE256A555} = {9E6F09C1-5817-43F2-B3B2-40356E72F9A0}
	EndGlobalSection
EndGlobal
